
Microsoft Visual Studio Solution File, Format Version 12.00
# Visual Studio Version 17
VisualStudioVersion = 17.6.33815.320
MinimumVisualStudioVersion = 10.0.40219.1
Project("{FAE04EC0-301F-11D3-BF4B-00C04F79EFBC}") = "MajorityVote_CS", "MajorityVote_CS.csproj", "{7C3CCD46-39D5-4730-8E78-A9207AE66379}"
EndProject
Global
	GlobalSection(SolutionConfigurationPlatforms) = preSolution
		Debug|Any CPU = Debug|Any CPU
		Release|Any CPU = Release|Any CPU
	EndGlobalSection
	GlobalSection(ProjectConfigurationPlatforms) = postSolution
		{7C3CCD46-39D5-4730-8E78-A9207AE66379}.Debug|Any CPU.ActiveCfg = Debug|Any CPU
		{7C3CCD46-39D5-4730-8E78-A9207AE66379}.Debug|Any CPU.Build.0 = Debug|Any CPU
		{7C3CCD46-39D5-4730-8E78-A9207AE66379}.Release|Any CPU.ActiveCfg = Release|Any CPU
		{7C3CCD46-39D5-4730-8E78-A9207AE66379}.Release|Any CPU.Build.0 = Release|Any CPU
	EndGlobalSection
	GlobalSection(SolutionProperties) = preSolution
		HideSolutionNode = FALSE
	EndGlobalSection
	GlobalSection(ExtensibilityGlobals) = postSolution
		SolutionGuid = {783AC29D-29B7-4CA4-BBE3-521FA6CB12C4}
	EndGlobalSection
EndGlobal
